// !$*UTF8*$!
{
	archiveVersion = 1;
	classes = {
	};
	objectVersion = 55;
	objects = {

/* Begin PBXBuildFile section */
		227547B92980BD5100D12030 /* MobilityView.swift in Sources */ = {isa = PBXBuildFile; fileRef = 227547B82980BD5100D12030 /* MobilityView.swift */; };
		228B49C4296CB64C0046DFD4 /* remote_mobility_monitoring_iOSApp.swift in Sources */ = {isa = PBXBuildFile; fileRef = 228B49C3296CB64C0046DFD4 /* remote_mobility_monitoring_iOSApp.swift */; };
		228B49C8296CB6510046DFD4 /* Assets.xcassets in Resources */ = {isa = PBXBuildFile; fileRef = 228B49C7296CB6510046DFD4 /* Assets.xcassets */; };
		228B49CB296CB6510046DFD4 /* Preview Assets.xcassets in Resources */ = {isa = PBXBuildFile; fileRef = 228B49CA296CB6510046DFD4 /* Preview Assets.xcassets */; };
		228B49D2296CB79A0046DFD4 /* RegisterView.swift in Sources */ = {isa = PBXBuildFile; fileRef = 228B49D1296CB79A0046DFD4 /* RegisterView.swift */; };
		22A771112989097600BB170A /* HealthKit.framework in Frameworks */ = {isa = PBXBuildFile; fileRef = 22A771102989097600BB170A /* HealthKit.framework */; };
/* End PBXBuildFile section */

/* Begin PBXFileReference section */
		227547B82980BD5100D12030 /* MobilityView.swift */ = {isa = PBXFileReference; lastKnownFileType = sourcecode.swift; path = MobilityView.swift; sourceTree = "<group>"; };
		228B49C0296CB64C0046DFD4 /* remote-mobility-monitoring-iOS.app */ = {isa = PBXFileReference; explicitFileType = wrapper.application; includeInIndex = 0; path = "remote-mobility-monitoring-iOS.app"; sourceTree = BUILT_PRODUCTS_DIR; };
		228B49C3296CB64C0046DFD4 /* remote_mobility_monitoring_iOSApp.swift */ = {isa = PBXFileReference; lastKnownFileType = sourcecode.swift; path = remote_mobility_monitoring_iOSApp.swift; sourceTree = "<group>"; };
		228B49C7296CB6510046DFD4 /* Assets.xcassets */ = {isa = PBXFileReference; lastKnownFileType = folder.assetcatalog; path = Assets.xcassets; sourceTree = "<group>"; };
		228B49CA296CB6510046DFD4 /* Preview Assets.xcassets */ = {isa = PBXFileReference; lastKnownFileType = folder.assetcatalog; path = "Preview Assets.xcassets"; sourceTree = "<group>"; };
		228B49D1296CB79A0046DFD4 /* RegisterView.swift */ = {isa = PBXFileReference; lastKnownFileType = sourcecode.swift; path = RegisterView.swift; sourceTree = "<group>"; };
		22A7710E2989097600BB170A /* remote-mobility-monitoring-iOS.entitlements */ = {isa = PBXFileReference; lastKnownFileType = text.plist.entitlements; path = "remote-mobility-monitoring-iOS.entitlements"; sourceTree = "<group>"; };
		22A771102989097600BB170A /* HealthKit.framework */ = {isa = PBXFileReference; lastKnownFileType = wrapper.framework; name = HealthKit.framework; path = System/Library/Frameworks/HealthKit.framework; sourceTree = SDKROOT; };
/* End PBXFileReference section */

/* Begin PBXFrameworksBuildPhase section */
		228B49BD296CB64C0046DFD4 /* Frameworks */ = {
			isa = PBXFrameworksBuildPhase;
			buildActionMask = 2147483647;
			files = (
				22A771112989097600BB170A /* HealthKit.framework in Frameworks */,
			);
			runOnlyForDeploymentPostprocessing = 0;
		};
/* End PBXFrameworksBuildPhase section */

/* Begin PBXGroup section */
		228B49B7296CB64C0046DFD4 = {
			isa = PBXGroup;
			children = (
				228B49C2296CB64C0046DFD4 /* remote-mobility-monitoring-iOS */,
				228B49C1296CB64C0046DFD4 /* Products */,
				22A7710F2989097600BB170A /* Frameworks */,
			);
			sourceTree = "<group>";
		};
		228B49C1296CB64C0046DFD4 /* Products */ = {
			isa = PBXGroup;
			children = (
				228B49C0296CB64C0046DFD4 /* remote-mobility-monitoring-iOS.app */,
			);
			name = Products;
			sourceTree = "<group>";
		};
		228B49C2296CB64C0046DFD4 /* remote-mobility-monitoring-iOS */ = {
			isa = PBXGroup;
			children = (
				22A7710E2989097600BB170A /* remote-mobility-monitoring-iOS.entitlements */,
				228B49C3296CB64C0046DFD4 /* remote_mobility_monitoring_iOSApp.swift */,
				227547B82980BD5100D12030 /* MobilityView.swift */,
				228B49D1296CB79A0046DFD4 /* RegisterView.swift */,
				228B49C7296CB6510046DFD4 /* Assets.xcassets */,
				228B49C9296CB6510046DFD4 /* Preview Content */,
			);
			path = "remote-mobility-monitoring-iOS";
			sourceTree = "<group>";
		};
		228B49C9296CB6510046DFD4 /* Preview Content */ = {
			isa = PBXGroup;
			children = (
				228B49CA296CB6510046DFD4 /* Preview Assets.xcassets */,
			);
			path = "Preview Content";
			sourceTree = "<group>";
		};
		22A7710F2989097600BB170A /* Frameworks */ = {
			isa = PBXGroup;
			children = (
				22A771102989097600BB170A /* HealthKit.framework */,
			);
			name = Frameworks;
			sourceTree = "<group>";
		};
/* End PBXGroup section */

/* Begin PBXNativeTarget section */
		228B49BF296CB64C0046DFD4 /* remote-mobility-monitoring-iOS */ = {
			isa = PBXNativeTarget;
			buildConfigurationList = 228B49CE296CB6510046DFD4 /* Build configuration list for PBXNativeTarget "remote-mobility-monitoring-iOS" */;
			buildPhases = (
				228B49BC296CB64C0046DFD4 /* Sources */,
				228B49BD296CB64C0046DFD4 /* Frameworks */,
				228B49BE296CB64C0046DFD4 /* Resources */,
			);
			buildRules = (
			);
			dependencies = (
			);
			name = "remote-mobility-monitoring-iOS";
			productName = "remote-mobility-monitoring-iOS";
			productReference = 228B49C0296CB64C0046DFD4 /* remote-mobility-monitoring-iOS.app */;
			productType = "com.apple.product-type.application";
		};
/* End PBXNativeTarget section */

/* Begin PBXProject section */
		228B49B8296CB64C0046DFD4 /* Project object */ = {
			isa = PBXProject;
			attributes = {
				BuildIndependentTargetsInParallel = 1;
				LastSwiftUpdateCheck = 1310;
				LastUpgradeCheck = 1310;
				TargetAttributes = {
					228B49BF296CB64C0046DFD4 = {
						CreatedOnToolsVersion = 13.1;
					};
				};
			};
			buildConfigurationList = 228B49BB296CB64C0046DFD4 /* Build configuration list for PBXProject "remote-mobility-monitoring-iOS" */;
			compatibilityVersion = "Xcode 13.0";
			developmentRegion = en;
			hasScannedForEncodings = 0;
			knownRegions = (
				en,
				Base,
			);
			mainGroup = 228B49B7296CB64C0046DFD4;
			productRefGroup = 228B49C1296CB64C0046DFD4 /* Products */;
			projectDirPath = "";
			projectRoot = "";
			targets = (
				228B49BF296CB64C0046DFD4 /* remote-mobility-monitoring-iOS */,
			);
		};
/* End PBXProject section */

/* Begin PBXResourcesBuildPhase section */
		228B49BE296CB64C0046DFD4 /* Resources */ = {
			isa = PBXResourcesBuildPhase;
			buildActionMask = 2147483647;
			files = (
				228B49CB296CB6510046DFD4 /* Preview Assets.xcassets in Resources */,
				228B49C8296CB6510046DFD4 /* Assets.xcassets in Resources */,
			);
			runOnlyForDeploymentPostprocessing = 0;
		};
/* End PBXResourcesBuildPhase section */

/* Begin PBXSourcesBuildPhase section */
		228B49BC296CB64C0046DFD4 /* Sources */ = {
			isa = PBXSourcesBuildPhase;
			buildActionMask = 2147483647;
			files = (
				228B49D2296CB79A0046DFD4 /* RegisterView.swift in Sources */,
				227547B92980BD5100D12030 /* MobilityView.swift in Sources */,
				228B49C4296CB64C0046DFD4 /* remote_mobility_monitoring_iOSApp.swift in Sources */,
			);
			runOnlyForDeploymentPostprocessing = 0;
		};
/* End PBXSourcesBuildPhase section */

/* Begin XCBuildConfiguration section */
		228B49CC296CB6510046DFD4 /* Debug */ = {
			isa = XCBuildConfiguration;
			buildSettings = {
				ALWAYS_SEARCH_USER_PATHS = NO;
				CLANG_ANALYZER_NONNULL = YES;
				CLANG_ANALYZER_NUMBER_OBJECT_CONVERSION = YES_AGGRESSIVE;
				CLANG_CXX_LANGUAGE_STANDARD = "gnu++17";
				CLANG_CXX_LIBRARY = "libc++";
				CLANG_ENABLE_MODULES = YES;
				CLANG_ENABLE_OBJC_ARC = YES;
				CLANG_ENABLE_OBJC_WEAK = YES;
				CLANG_WARN_BLOCK_CAPTURE_AUTORELEASING = YES;
				CLANG_WARN_BOOL_CONVERSION = YES;
				CLANG_WARN_COMMA = YES;
				CLANG_WARN_CONSTANT_CONVERSION = YES;
				CLANG_WARN_DEPRECATED_OBJC_IMPLEMENTATIONS = YES;
				CLANG_WARN_DIRECT_OBJC_ISA_USAGE = YES_ERROR;
				CLANG_WARN_DOCUMENTATION_COMMENTS = YES;
				CLANG_WARN_EMPTY_BODY = YES;
				CLANG_WARN_ENUM_CONVERSION = YES;
				CLANG_WARN_INFINITE_RECURSION = YES;
				CLANG_WARN_INT_CONVERSION = YES;
				CLANG_WARN_NON_LITERAL_NULL_CONVERSION = YES;
				CLANG_WARN_OBJC_IMPLICIT_RETAIN_SELF = YES;
				CLANG_WARN_OBJC_LITERAL_CONVERSION = YES;
				CLANG_WARN_OBJC_ROOT_CLASS = YES_ERROR;
				CLANG_WARN_QUOTED_INCLUDE_IN_FRAMEWORK_HEADER = YES;
				CLANG_WARN_RANGE_LOOP_ANALYSIS = YES;
				CLANG_WARN_STRICT_PROTOTYPES = YES;
				CLANG_WARN_SUSPICIOUS_MOVE = YES;
				CLANG_WARN_UNGUARDED_AVAILABILITY = YES_AGGRESSIVE;
				CLANG_WARN_UNREACHABLE_CODE = YES;
				CLANG_WARN__DUPLICATE_METHOD_MATCH = YES;
				COPY_PHASE_STRIP = NO;
				DEBUG_INFORMATION_FORMAT = dwarf;
				ENABLE_STRICT_OBJC_MSGSEND = YES;
				ENABLE_TESTABILITY = YES;
				GCC_C_LANGUAGE_STANDARD = gnu11;
				GCC_DYNAMIC_NO_PIC = NO;
				GCC_NO_COMMON_BLOCKS = YES;
				GCC_OPTIMIZATION_LEVEL = 0;
				GCC_PREPROCESSOR_DEFINITIONS = (
					"DEBUG=1",
					"$(inherited)",
				);
				GCC_WARN_64_TO_32_BIT_CONVERSION = YES;
				GCC_WARN_ABOUT_RETURN_TYPE = YES_ERROR;
				GCC_WARN_UNDECLARED_SELECTOR = YES;
				GCC_WARN_UNINITIALIZED_AUTOS = YES_AGGRESSIVE;
				GCC_WARN_UNUSED_FUNCTION = YES;
				GCC_WARN_UNUSED_VARIABLE = YES;
				IPHONEOS_DEPLOYMENT_TARGET = 15.0;
				MTL_ENABLE_DEBUG_INFO = INCLUDE_SOURCE;
				MTL_FAST_MATH = YES;
				ONLY_ACTIVE_ARCH = YES;
				SDKROOT = iphoneos;
				SWIFT_ACTIVE_COMPILATION_CONDITIONS = DEBUG;
				SWIFT_OPTIMIZATION_LEVEL = "-Onone";
			};
			name = Debug;
		};
		228B49CD296CB6510046DFD4 /* Release */ = {
			isa = XCBuildConfiguration;
			buildSettings = {
				ALWAYS_SEARCH_USER_PATHS = NO;
				CLANG_ANALYZER_NONNULL = YES;
				CLANG_ANALYZER_NUMBER_OBJECT_CONVERSION = YES_AGGRESSIVE;
				CLANG_CXX_LANGUAGE_STANDARD = "gnu++17";
				CLANG_CXX_LIBRARY = "libc++";
				CLANG_ENABLE_MODULES = YES;
				CLANG_ENABLE_OBJC_ARC = YES;
				CLANG_ENABLE_OBJC_WEAK = YES;
				CLANG_WARN_BLOCK_CAPTURE_AUTORELEASING = YES;
				CLANG_WARN_BOOL_CONVERSION = YES;
				CLANG_WARN_COMMA = YES;
				CLANG_WARN_CONSTANT_CONVERSION = YES;
				CLANG_WARN_DEPRECATED_OBJC_IMPLEMENTATIONS = YES;
				CLANG_WARN_DIRECT_OBJC_ISA_USAGE = YES_ERROR;
				CLANG_WARN_DOCUMENTATION_COMMENTS = YES;
				CLANG_WARN_EMPTY_BODY = YES;
				CLANG_WARN_ENUM_CONVERSION = YES;
				CLANG_WARN_INFINITE_RECURSION = YES;
				CLANG_WARN_INT_CONVERSION = YES;
				CLANG_WARN_NON_LITERAL_NULL_CONVERSION = YES;
				CLANG_WARN_OBJC_IMPLICIT_RETAIN_SELF = YES;
				CLANG_WARN_OBJC_LITERAL_CONVERSION = YES;
				CLANG_WARN_OBJC_ROOT_CLASS = YES_ERROR;
				CLANG_WARN_QUOTED_INCLUDE_IN_FRAMEWORK_HEADER = YES;
				CLANG_WARN_RANGE_LOOP_ANALYSIS = YES;
				CLANG_WARN_STRICT_PROTOTYPES = YES;
				CLANG_WARN_SUSPICIOUS_MOVE = YES;
				CLANG_WARN_UNGUARDED_AVAILABILITY = YES_AGGRESSIVE;
				CLANG_WARN_UNREACHABLE_CODE = YES;
				CLANG_WARN__DUPLICATE_METHOD_MATCH = YES;
				COPY_PHASE_STRIP = NO;
				DEBUG_INFORMATION_FORMAT = "dwarf-with-dsym";
				ENABLE_NS_ASSERTIONS = NO;
				ENABLE_STRICT_OBJC_MSGSEND = YES;
				GCC_C_LANGUAGE_STANDARD = gnu11;
				GCC_NO_COMMON_BLOCKS = YES;
				GCC_WARN_64_TO_32_BIT_CONVERSION = YES;
				GCC_WARN_ABOUT_RETURN_TYPE = YES_ERROR;
				GCC_WARN_UNDECLARED_SELECTOR = YES;
				GCC_WARN_UNINITIALIZED_AUTOS = YES_AGGRESSIVE;
				GCC_WARN_UNUSED_FUNCTION = YES;
				GCC_WARN_UNUSED_VARIABLE = YES;
				IPHONEOS_DEPLOYMENT_TARGET = 15.0;
				MTL_ENABLE_DEBUG_INFO = NO;
				MTL_FAST_MATH = YES;
				SDKROOT = iphoneos;
				SWIFT_COMPILATION_MODE = wholemodule;
				SWIFT_OPTIMIZATION_LEVEL = "-O";
				VALIDATE_PRODUCT = YES;
			};
			name = Release;
		};
		228B49CF296CB6510046DFD4 /* Debug */ = {
			isa = XCBuildConfiguration;
			buildSettings = {
				ASSETCATALOG_COMPILER_APPICON_NAME = AppIcon;
				ASSETCATALOG_COMPILER_GLOBAL_ACCENT_COLOR_NAME = AccentColor;
				CODE_SIGN_ENTITLEMENTS = "remote-mobility-monitoring-iOS/remote-mobility-monitoring-iOS.entitlements";
				CODE_SIGN_STYLE = Automatic;
				CURRENT_PROJECT_VERSION = 1;
				DEVELOPMENT_ASSET_PATHS = "\"remote-mobility-monitoring-iOS/Preview Content\"";
				ENABLE_PREVIEWS = YES;
				GENERATE_INFOPLIST_FILE = YES;
				INFOPLIST_KEY_NSHealthShareUsageDescription = "This app requires access to your health data to track your mobility metrics and share with your healthcare providers.";
				INFOPLIST_KEY_UIApplicationSceneManifest_Generation = YES;
				INFOPLIST_KEY_UIApplicationSupportsIndirectInputEvents = YES;
				INFOPLIST_KEY_UILaunchScreen_Generation = YES;
				INFOPLIST_KEY_UISupportedInterfaceOrientations_iPad = "UIInterfaceOrientationPortrait UIInterfaceOrientationPortraitUpsideDown UIInterfaceOrientationLandscapeLeft UIInterfaceOrientationLandscapeRight";
				INFOPLIST_KEY_UISupportedInterfaceOrientations_iPhone = "UIInterfaceOrientationPortrait UIInterfaceOrientationLandscapeLeft UIInterfaceOrientationLandscapeRight";
				LD_RUNPATH_SEARCH_PATHS = (
					"$(inherited)",
					"@executable_path/Frameworks",
				);
				MARKETING_VERSION = 1.0;
				PRODUCT_BUNDLE_IDENTIFIER = "com.hachi.codingcat.remote-mobility-monitoring-iOS";
				PRODUCT_NAME = "$(TARGET_NAME)";
				SWIFT_EMIT_LOC_STRINGS = YES;
				SWIFT_VERSION = 5.0;
				TARGETED_DEVICE_FAMILY = "1,2";
			};
			name = Debug;
		};
		228B49D0296CB6510046DFD4 /* Release */ = {
			isa = XCBuildConfiguration;
			buildSettings = {
				ASSETCATALOG_COMPILER_APPICON_NAME = AppIcon;
				ASSETCATALOG_COMPILER_GLOBAL_ACCENT_COLOR_NAME = AccentColor;
				CODE_SIGN_ENTITLEMENTS = "remote-mobility-monitoring-iOS/remote-mobility-monitoring-iOS.entitlements";
				CODE_SIGN_STYLE = Automatic;
				CURRENT_PROJECT_VERSION = 1;
				DEVELOPMENT_ASSET_PATHS = "\"remote-mobility-monitoring-iOS/Preview Content\"";
				ENABLE_PREVIEWS = YES;
				GENERATE_INFOPLIST_FILE = YES;
				INFOPLIST_KEY_NSHealthShareUsageDescription = "This app requires access to your health data to track your mobility metrics and share with your healthcare providers.";
				INFOPLIST_KEY_UIApplicationSceneManifest_Generation = YES;
				INFOPLIST_KEY_UIApplicationSupportsIndirectInputEvents = YES;
				INFOPLIST_KEY_UILaunchScreen_Generation = YES;
				INFOPLIST_KEY_UISupportedInterfaceOrientations_iPad = "UIInterfaceOrientationPortrait UIInterfaceOrientationPortraitUpsideDown UIInterfaceOrientationLandscapeLeft UIInterfaceOrientationLandscapeRight";
				INFOPLIST_KEY_UISupportedInterfaceOrientations_iPhone = "UIInterfaceOrientationPortrait UIInterfaceOrientationLandscapeLeft UIInterfaceOrientationLandscapeRight";
				LD_RUNPATH_SEARCH_PATHS = (
					"$(inherited)",
					"@executable_path/Frameworks",
				);
				MARKETING_VERSION = 1.0;
				PRODUCT_BUNDLE_IDENTIFIER = "com.hachi.codingcat.remote-mobility-monitoring-iOS";
				PRODUCT_NAME = "$(TARGET_NAME)";
				SWIFT_EMIT_LOC_STRINGS = YES;
				SWIFT_VERSION = 5.0;
				TARGETED_DEVICE_FAMILY = "1,2";
			};
			name = Release;
		};
/* End XCBuildConfiguration section */

/* Begin XCConfigurationList section */
		228B49BB296CB64C0046DFD4 /* Build configuration list for PBXProject "remote-mobility-monitoring-iOS" */ = {
			isa = XCConfigurationList;
			buildConfigurations = (
				228B49CC296CB6510046DFD4 /* Debug */,
				228B49CD296CB6510046DFD4 /* Release */,
			);
			defaultConfigurationIsVisible = 0;
			defaultConfigurationName = Release;
		};
		228B49CE296CB6510046DFD4 /* Build configuration list for PBXNativeTarget "remote-mobility-monitoring-iOS" */ = {
			isa = XCConfigurationList;
			buildConfigurations = (
				228B49CF296CB6510046DFD4 /* Debug */,
				228B49D0296CB6510046DFD4 /* Release */,
			);
			defaultConfigurationIsVisible = 0;
			defaultConfigurationName = Release;
		};
/* End XCConfigurationList section */
	};
	rootObject = 228B49B8296CB64C0046DFD4 /* Project object */;
}
